
Microsoft Visual Studio Solution File, Format Version 12.00
# Visual Studio Version 17
VisualStudioVersion = 17.8.34322.80
MinimumVisualStudioVersion = 10.0.40219.1
Project("{9A19103F-16F7-4668-BE54-9A1E7A4F7556}") = "ProyectoBlogDatos", "ProyectoBlogDatos\ProyectoBlogDatos.csproj", "{42961BF3-69FD-4BDC-8A2B-6F1C4E0D13C9}"
EndProject
Project("{9A19103F-16F7-4668-BE54-9A1E7A4F7556}") = "ProyectoBlogModelos", "ProyectoBlogModelos\ProyectoBlogModelos.csproj", "{E7D2FB2D-9E20-4BEF-969F-72D2FC51121B}"
EndProject
Project("{9A19103F-16F7-4668-BE54-9A1E7A4F7556}") = "ProyectoBlogRespositorio", "ProyectoBlogRespositorio\ProyectoBlogRespositorio.csproj", "{6AF342F7-3CDE-4E9B-845D-22B23EBC6009}"
EndProject
Project("{9A19103F-16F7-4668-BE54-9A1E7A4F7556}") = "ProyectoBlogReglas", "ProyectoBlogReglas\ProyectoBlogReglas.csproj", "{AA7679F2-2BE4-4612-B71C-8F9D3FD4B073}"
EndProject
Project("{FAE04EC0-301F-11D3-BF4B-00C04F79EFBC}") = "ProyectoBlogWebApi", "ProyectoBlogWebApi\ProyectoBlogWebApi.csproj", "{CD7C6B76-8A3D-458A-8ABE-034B2DC908BA}"
EndProject
Global
	GlobalSection(SolutionConfigurationPlatforms) = preSolution
		Debug|Any CPU = Debug|Any CPU
		Release|Any CPU = Release|Any CPU
	EndGlobalSection
	GlobalSection(ProjectConfigurationPlatforms) = postSolution
		{42961BF3-69FD-4BDC-8A2B-6F1C4E0D13C9}.Debug|Any CPU.ActiveCfg = Debug|Any CPU
		{42961BF3-69FD-4BDC-8A2B-6F1C4E0D13C9}.Debug|Any CPU.Build.0 = Debug|Any CPU
		{42961BF3-69FD-4BDC-8A2B-6F1C4E0D13C9}.Release|Any CPU.ActiveCfg = Release|Any CPU
		{42961BF3-69FD-4BDC-8A2B-6F1C4E0D13C9}.Release|Any CPU.Build.0 = Release|Any CPU
		{E7D2FB2D-9E20-4BEF-969F-72D2FC51121B}.Debug|Any CPU.ActiveCfg = Debug|Any CPU
		{E7D2FB2D-9E20-4BEF-969F-72D2FC51121B}.Debug|Any CPU.Build.0 = Debug|Any CPU
		{E7D2FB2D-9E20-4BEF-969F-72D2FC51121B}.Release|Any CPU.ActiveCfg = Release|Any CPU
		{E7D2FB2D-9E20-4BEF-969F-72D2FC51121B}.Release|Any CPU.Build.0 = Release|Any CPU
		{6AF342F7-3CDE-4E9B-845D-22B23EBC6009}.Debug|Any CPU.ActiveCfg = Debug|Any CPU
		{6AF342F7-3CDE-4E9B-845D-22B23EBC6009}.Debug|Any CPU.Build.0 = Debug|Any CPU
		{6AF342F7-3CDE-4E9B-845D-22B23EBC6009}.Release|Any CPU.ActiveCfg = Release|Any CPU
		{6AF342F7-3CDE-4E9B-845D-22B23EBC6009}.Release|Any CPU.Build.0 = Release|Any CPU
		{AA7679F2-2BE4-4612-B71C-8F9D3FD4B073}.Debug|Any CPU.ActiveCfg = Debug|Any CPU
		{AA7679F2-2BE4-4612-B71C-8F9D3FD4B073}.Debug|Any CPU.Build.0 = Debug|Any CPU
		{AA7679F2-2BE4-4612-B71C-8F9D3FD4B073}.Release|Any CPU.ActiveCfg = Release|Any CPU
		{AA7679F2-2BE4-4612-B71C-8F9D3FD4B073}.Release|Any CPU.Build.0 = Release|Any CPU
		{CD7C6B76-8A3D-458A-8ABE-034B2DC908BA}.Debug|Any CPU.ActiveCfg = Debug|Any CPU
		{CD7C6B76-8A3D-458A-8ABE-034B2DC908BA}.Debug|Any CPU.Build.0 = Debug|Any CPU
		{CD7C6B76-8A3D-458A-8ABE-034B2DC908BA}.Release|Any CPU.ActiveCfg = Release|Any CPU
		{CD7C6B76-8A3D-458A-8ABE-034B2DC908BA}.Release|Any CPU.Build.0 = Release|Any CPU
	EndGlobalSection
	GlobalSection(SolutionProperties) = preSolution
		HideSolutionNode = FALSE
	EndGlobalSection
	GlobalSection(ExtensibilityGlobals) = postSolution
		SolutionGuid = {20AED189-0C10-4179-B82B-2C187306169D}
	EndGlobalSection
EndGlobal
