
Microsoft Visual Studio Solution File, Format Version 12.00
# Visual Studio Version 17
VisualStudioVersion = 17.8.34322.80
MinimumVisualStudioVersion = 10.0.40219.1
Project("{FAE04EC0-301F-11D3-BF4B-00C04F79EFBC}") = "ProyectoBlogDatos", "ProyectoBlogDatos\ProyectoBlogDatos.csproj", "{42961BF3-69FD-4BDC-8A2B-6F1C4E0D13C9}"
EndProject
Global
	GlobalSection(SolutionConfigurationPlatforms) = preSolution
		Debug|Any CPU = Debug|Any CPU
		Release|Any CPU = Release|Any CPU
	EndGlobalSection
	GlobalSection(ProjectConfigurationPlatforms) = postSolution
		{42961BF3-69FD-4BDC-8A2B-6F1C4E0D13C9}.Debug|Any CPU.ActiveCfg = Debug|Any CPU
		{42961BF3-69FD-4BDC-8A2B-6F1C4E0D13C9}.Debug|Any CPU.Build.0 = Debug|Any CPU
		{42961BF3-69FD-4BDC-8A2B-6F1C4E0D13C9}.Release|Any CPU.ActiveCfg = Release|Any CPU
		{42961BF3-69FD-4BDC-8A2B-6F1C4E0D13C9}.Release|Any CPU.Build.0 = Release|Any CPU
	EndGlobalSection
	GlobalSection(SolutionProperties) = preSolution
		HideSolutionNode = FALSE
	EndGlobalSection
	GlobalSection(ExtensibilityGlobals) = postSolution
		SolutionGuid = {20AED189-0C10-4179-B82B-2C187306169D}
	EndGlobalSection
EndGlobal
